
Microsoft Visual Studio Solution File, Format Version 11.00
# Visual Studio 2010
Project("{FAE04EC0-301F-11D3-BF4B-00C04F79EFBC}") = "Assembly-CSharp", "Assembly-CSharp.csproj", "{F37B4B11-87C3-325B-92EE-95AB47CE8F43}"
EndProject
Project("{FAE04EC0-301F-11D3-BF4B-00C04F79EFBC}") = "Assembly-CSharp-Editor", "Assembly-CSharp-Editor.csproj", "{711B5514-5B62-14BD-9ACD-8D90A2224478}"
EndProject
Global
	GlobalSection(SolutionConfigurationPlatforms) = preSolution
		Debug|Any CPU = Debug|Any CPU
		Release|Any CPU = Release|Any CPU
	EndGlobalSection
	GlobalSection(ProjectConfigurationPlatforms) = postSolution
		{F37B4B11-87C3-325B-92EE-95AB47CE8F43}.Debug|Any CPU.ActiveCfg = Debug|Any CPU
		{F37B4B11-87C3-325B-92EE-95AB47CE8F43}.Debug|Any CPU.Build.0 = Debug|Any CPU
		{F37B4B11-87C3-325B-92EE-95AB47CE8F43}.Release|Any CPU.ActiveCfg = Release|Any CPU
		{F37B4B11-87C3-325B-92EE-95AB47CE8F43}.Release|Any CPU.Build.0 = Release|Any CPU
		{711B5514-5B62-14BD-9ACD-8D90A2224478}.Debug|Any CPU.ActiveCfg = Debug|Any CPU
		{711B5514-5B62-14BD-9ACD-8D90A2224478}.Debug|Any CPU.Build.0 = Debug|Any CPU
		{711B5514-5B62-14BD-9ACD-8D90A2224478}.Release|Any CPU.ActiveCfg = Release|Any CPU
		{711B5514-5B62-14BD-9ACD-8D90A2224478}.Release|Any CPU.Build.0 = Release|Any CPU
	EndGlobalSection
	GlobalSection(SolutionProperties) = preSolution
		HideSolutionNode = FALSE
	EndGlobalSection
	GlobalSection(MonoDevelopProperties) = preSolution
		StartupItem = Assembly-CSharp.csproj
	EndGlobalSection
EndGlobal
